Microsoft Visual Studio Solution File, Format Version 12.00
# Visual Studio 15
VisualStudioVersion = 15.0.27703.2042
MinimumVisualStudioVersion = 10.0.40219.1
Project("{FAE04EC0-301F-11D3-BF4B-00C04F79EFBC}") = "CoinstantineAPI.Blockchain", "CoinstantineAPI.Blockchain\CoinstantineAPI.Blockchain.csproj", "{763FF7DE-F705-4411-B63E-0B80DB3B9EDF}"
EndProject
Project("{FAE04EC0-301F-11D3-BF4B-00C04F79EFBC}") = "CoinstantineAPI.Data", "CoinstantineAPI.Data\CoinstantineAPI.Data.csproj", "{5C28A7CC-DAE5-4DFE-B602-C81C423BF2D5}"
EndProject
Project("{FAE04EC0-301F-11D3-BF4B-00C04F79EFBC}") = "CoinstantineAPI.Core", "CoinstantineAPI.Core\CoinstantineAPI.Core.csproj", "{84F38DF6-CE80-4E63-A693-EB3B0F2BE60F}"
EndProject
Project("{FAE04EC0-301F-11D3-BF4B-00C04F79EFBC}") = "CoinstantineAPI.Database", "CoinstantineAPI.Database\CoinstantineAPI.Database.csproj", "{58C8AF0B-E715-4350-9150-E246588E40B4}"
EndProject
Project("{FAE04EC0-301F-11D3-BF4B-00C04F79EFBC}") = "CoinstantineAPI.WebApi", "CoinstantineAPI.WebApi\CoinstantineAPI.WebApi.csproj", "{EA6AE02E-057C-44F8-A389-FF187C54FF1A}"
EndProject
Project("{2150E333-8FDC-42A3-9474-1A3956D46DE8}") = "API", "API", "{CF6F990F-EB89-494C-B69A-71CDDB138C87}"
EndProject
Project("{2150E333-8FDC-42A3-9474-1A3956D46DE8}") = "Nethereum", "Nethereum", "{376E98AA-BA5F-4DF8-8D65-76942EDA5188}"
EndProject
Project("{FAE04EC0-301F-11D3-BF4B-00C04F79EFBC}") = "CoinstantineAPI.Users", "CoinstantineAPI.Validations\CoinstantineAPI.Users.csproj", "{15E9D5EA-0C10-4088-96E3-A3CC1062BBB5}"
EndProject
Project("{FAE04EC0-301F-11D3-BF4B-00C04F79EFBC}") = "CoinstantineAPI.Notifications", "CoinstantineAPI.Notifications\CoinstantineAPI.Notifications.csproj", "{B4F36B5C-E789-4FFF-9070-76C060B795FE}"
EndProject
Project("{FAE04EC0-301F-11D3-BF4B-00C04F79EFBC}") = "CoinstantineAPI.Translations", "CoinstantineAPI.Translations\CoinstantineAPI.Translations.csproj", "{5ED9557C-F397-4DC8-A5B9-2BABE42F3F09}"
EndProject
Project("{FAE04EC0-301F-11D3-BF4B-00C04F79EFBC}") = "CoinstantineAPI.Scan", "CoinstantineAPI.Scan\CoinstantineAPI.Scan.csproj", "{9FED38E4-E974-47A6-94A5-013315E5D8D9}"
EndProject
Project("{FAE04EC0-301F-11D3-BF4B-00C04F79EFBC}") = "CoinstantineAPI.Nethereum", "CoinstantineAPI.Nethereum\CoinstantineAPI.Nethereum.csproj", "{790D30CF-B7CC-4C16-ACE0-F3FBCC42DE4D}"
EndProject
Project("{FAE04EC0-301F-11D3-BF4B-00C04F79EFBC}") = "CoinstantineAPI.Aidrops", "CoinstantineAPI.Aidrops\CoinstantineAPI.Aidrops.csproj", "{88E4906B-830C-46F1-A57F-B02367F08092}"
EndProject
Project("{2150E333-8FDC-42A3-9474-1A3956D46DE8}") = "DataProviders", "DataProviders", "{9E54F4A8-5472-4921-AD42-E5493CAE2DA9}"
EndProject
Project("{FAE04EC0-301F-11D3-BF4B-00C04F79EFBC}") = "CoinstantineAPI.BitcoinTalkProvider", "DataProviders\CoinstantineAPI.BitcoinTalkProvider\CoinstantineAPI.BitcoinTalkProvider.csproj", "{0C297448-794C-4815-8D66-436871A9C2F4}"
EndProject
Project("{FAE04EC0-301F-11D3-BF4B-00C04F79EFBC}") = "CoinstantineAPI.TelegramProvider", "DataProviders\CoinstantineAPI.TelegramProvider\CoinstantineAPI.TelegramProvider.csproj", "{0B90B291-AAFF-468E-B315-8D0429242A79}"
EndProject
Project("{FAE04EC0-301F-11D3-BF4B-00C04F79EFBC}") = "CoinstantineAPI.TwitterProvider", "DataProviders\CoinstantineAPI.TwitterProvider\CoinstantineAPI.TwitterProvider.csproj", "{F580235F-F42C-427D-AB9E-16FCC032583D}"
EndProject
Project("{FAE04EC0-301F-11D3-BF4B-00C04F79EFBC}") = "CoinstantineAPI.Encryption", "CoinstantineAPI.Encryption\CoinstantineAPI.Encryption.csproj", "{2E168462-4F2E-4F69-8974-5B9CE5F6783F}"
EndProject
Project("{FAE04EC0-301F-11D3-BF4B-00C04F79EFBC}") = "CoinstantineAPI.Scheduler", "CoinstantineAPI.Scheduler\CoinstantineAPI.Scheduler.csproj", "{4C216213-5672-4778-A7CF-F4282BDBD5E6}"
EndProject
Project("{FAE04EC0-301F-11D3-BF4B-00C04F79EFBC}") = "CoinstantineAPI.Documents", "CoinstantineAPI.Documents\CoinstantineAPI.Documents.csproj", "{65DAC44C-C645-403A-A90B-4B778509706B}"
EndProject
Project("{FAE04EC0-301F-11D3-BF4B-00C04F79EFBC}") = "CoinstantineAPI.Email", "CoinstantineAPI.Email\CoinstantineAPI.Email.csproj", "{C12DB658-FDE9-4D9A-90C0-4F42880A8A6C}"
EndProject
Project("{FAE04EC0-301F-11D3-BF4B-00C04F79EFBC}") = "CoinstantineAPI.Countries", "DataProviders\CoinstantineAPI.Countries\CoinstantineAPI.Countries.csproj", "{7A26366E-A71C-4018-9BC5-3313121C570D}"
EndProject
Project("{2150E333-8FDC-42A3-9474-1A3956D46DE8}") = "Tests", "Tests", "{DF48D3FF-EFD4-484A-A0FE-34C6A66A8412}"
EndProject
Project("{FAE04EC0-301F-11D3-BF4B-00C04F79EFBC}") = "CoinstantineAPI.Tests", "CoinstantineAPI.Tests\CoinstantineAPI.Tests.csproj", "{ABD70319-A117-433D-B206-1573E00407B1}"
EndProject
Project("{FAE04EC0-301F-11D3-BF4B-00C04F79EFBC}") = "CoinstantineAPI.VerifyCaptcha", "CoinstantineAPI.VerifyCaptcha\CoinstantineAPI.VerifyCaptcha.csproj", "{44A9BB90-D3F7-467B-B674-1B4106F3B4AA}"
EndProject
Project("{FAE04EC0-301F-11D3-BF4B-00C04F79EFBC}") = "CoinstantineAPI.DiscordBot", "DataProviders\CoinstantineAPI.DiscordBot\CoinstantineAPI.DiscordBot.csproj", "{BB9277B2-8A7C-402A-A92A-CC26EFBA7385}"
EndProject
Project("{FAE04EC0-301F-11D3-BF4B-00C04F79EFBC}") = "CoinstantineAPI.Statistics", "CoinstantineAPI.Statistics\CoinstantineAPI.Statistics.csproj", "{1A7D6F8E-4FE9-452A-8666-B4573CD01E99}"
EndProject
Project("{FAE04EC0-301F-11D3-BF4B-00C04F79EFBC}") = "CoinstantineAPI.Games", "CoinstantineAPI.Games\CoinstantineAPI.Games.csproj", "{8A944C2F-5C87-4B2B-9E1F-07BEEC2F7CD3}"
EndProject
Global
	GlobalSection(SolutionConfigurationPlatforms) = preSolution
		Debug|Any CPU = Debug|Any CPU
		Debug|iPhone = Debug|iPhone
		Debug|iPhoneSimulator = Debug|iPhoneSimulator
		Release|Any CPU = Release|Any CPU
		Release|iPhone = Release|iPhone
		Release|iPhoneSimulator = Release|iPhoneSimulator
	EndGlobalSection
	GlobalSection(ProjectConfigurationPlatforms) = postSolution
		{763FF7DE-F705-4411-B63E-0B80DB3B9EDF}.Debug|Any CPU.ActiveCfg = Debug|Any CPU
		{763FF7DE-F705-4411-B63E-0B80DB3B9EDF}.Debug|Any CPU.Build.0 = Debug|Any CPU
		{763FF7DE-F705-4411-B63E-0B80DB3B9EDF}.Debug|iPhone.ActiveCfg = Debug|Any CPU
		{763FF7DE-F705-4411-B63E-0B80DB3B9EDF}.Debug|iPhone.Build.0 = Debug|Any CPU
		{763FF7DE-F705-4411-B63E-0B80DB3B9EDF}.Debug|iPhoneSimulator.ActiveCfg = Debug|Any CPU
		{763FF7DE-F705-4411-B63E-0B80DB3B9EDF}.Debug|iPhoneSimulator.Build.0 = Debug|Any CPU
		{763FF7DE-F705-4411-B63E-0B80DB3B9EDF}.Release|Any CPU.ActiveCfg = Release|Any CPU
		{763FF7DE-F705-4411-B63E-0B80DB3B9EDF}.Release|Any CPU.Build.0 = Release|Any CPU
		{763FF7DE-F705-4411-B63E-0B80DB3B9EDF}.Release|iPhone.ActiveCfg = Release|Any CPU
		{763FF7DE-F705-4411-B63E-0B80DB3B9EDF}.Release|iPhone.Build.0 = Release|Any CPU
		{763FF7DE-F705-4411-B63E-0B80DB3B9EDF}.Release|iPhoneSimulator.ActiveCfg = Release|Any CPU
		{763FF7DE-F705-4411-B63E-0B80DB3B9EDF}.Release|iPhoneSimulator.Build.0 = Release|Any CPU
		{5C28A7CC-DAE5-4DFE-B602-C81C423BF2D5}.Debug|Any CPU.ActiveCfg = Debug|Any CPU
		{5C28A7CC-DAE5-4DFE-B602-C81C423BF2D5}.Debug|Any CPU.Build.0 = Debug|Any CPU
		{5C28A7CC-DAE5-4DFE-B602-C81C423BF2D5}.Debug|iPhone.ActiveCfg = Debug|Any CPU
		{5C28A7CC-DAE5-4DFE-B602-C81C423BF2D5}.Debug|iPhone.Build.0 = Debug|Any CPU
		{5C28A7CC-DAE5-4DFE-B602-C81C423BF2D5}.Debug|iPhoneSimulator.ActiveCfg = Debug|Any CPU
		{5C28A7CC-DAE5-4DFE-B602-C81C423BF2D5}.Debug|iPhoneSimulator.Build.0 = Debug|Any CPU
		{5C28A7CC-DAE5-4DFE-B602-C81C423BF2D5}.Release|Any CPU.ActiveCfg = Release|Any CPU
		{5C28A7CC-DAE5-4DFE-B602-C81C423BF2D5}.Release|Any CPU.Build.0 = Release|Any CPU
		{5C28A7CC-DAE5-4DFE-B602-C81C423BF2D5}.Release|iPhone.ActiveCfg = Release|Any CPU
		{5C28A7CC-DAE5-4DFE-B602-C81C423BF2D5}.Release|iPhone.Build.0 = Release|Any CPU
		{5C28A7CC-DAE5-4DFE-B602-C81C423BF2D5}.Release|iPhoneSimulator.ActiveCfg = Release|Any CPU
		{5C28A7CC-DAE5-4DFE-B602-C81C423BF2D5}.Release|iPhoneSimulator.Build.0 = Release|Any CPU
		{84F38DF6-CE80-4E63-A693-EB3B0F2BE60F}.Debug|Any CPU.ActiveCfg = Debug|Any CPU
		{84F38DF6-CE80-4E63-A693-EB3B0F2BE60F}.Debug|Any CPU.Build.0 = Debug|Any CPU
		{84F38DF6-CE80-4E63-A693-EB3B0F2BE60F}.Debug|iPhone.ActiveCfg = Debug|Any CPU
		{84F38DF6-CE80-4E63-A693-EB3B0F2BE60F}.Debug|iPhone.Build.0 = Debug|Any CPU
		{84F38DF6-CE80-4E63-A693-EB3B0F2BE60F}.Debug|iPhoneSimulator.ActiveCfg = Debug|Any CPU
		{84F38DF6-CE80-4E63-A693-EB3B0F2BE60F}.Debug|iPhoneSimulator.Build.0 = Debug|Any CPU
		{84F38DF6-CE80-4E63-A693-EB3B0F2BE60F}.Release|Any CPU.ActiveCfg = Release|Any CPU
		{84F38DF6-CE80-4E63-A693-EB3B0F2BE60F}.Release|Any CPU.Build.0 = Release|Any CPU
		{84F38DF6-CE80-4E63-A693-EB3B0F2BE60F}.Release|iPhone.ActiveCfg = Release|Any CPU
		{84F38DF6-CE80-4E63-A693-EB3B0F2BE60F}.Release|iPhone.Build.0 = Release|Any CPU
		{84F38DF6-CE80-4E63-A693-EB3B0F2BE60F}.Release|iPhoneSimulator.ActiveCfg = Release|Any CPU
		{84F38DF6-CE80-4E63-A693-EB3B0F2BE60F}.Release|iPhoneSimulator.Build.0 = Release|Any CPU
		{58C8AF0B-E715-4350-9150-E246588E40B4}.Debug|Any CPU.ActiveCfg = Debug|Any CPU
		{58C8AF0B-E715-4350-9150-E246588E40B4}.Debug|Any CPU.Build.0 = Debug|Any CPU
		{58C8AF0B-E715-4350-9150-E246588E40B4}.Debug|iPhone.ActiveCfg = Debug|Any CPU
		{58C8AF0B-E715-4350-9150-E246588E40B4}.Debug|iPhone.Build.0 = Debug|Any CPU
		{58C8AF0B-E715-4350-9150-E246588E40B4}.Debug|iPhoneSimulator.ActiveCfg = Debug|Any CPU
		{58C8AF0B-E715-4350-9150-E246588E40B4}.Debug|iPhoneSimulator.Build.0 = Debug|Any CPU
		{58C8AF0B-E715-4350-9150-E246588E40B4}.Release|Any CPU.ActiveCfg = Release|Any CPU
		{58C8AF0B-E715-4350-9150-E246588E40B4}.Release|Any CPU.Build.0 = Release|Any CPU
		{58C8AF0B-E715-4350-9150-E246588E40B4}.Release|iPhone.ActiveCfg = Release|Any CPU
		{58C8AF0B-E715-4350-9150-E246588E40B4}.Release|iPhone.Build.0 = Release|Any CPU
		{58C8AF0B-E715-4350-9150-E246588E40B4}.Release|iPhoneSimulator.ActiveCfg = Release|Any CPU
		{58C8AF0B-E715-4350-9150-E246588E40B4}.Release|iPhoneSimulator.Build.0 = Release|Any CPU
		{EA6AE02E-057C-44F8-A389-FF187C54FF1A}.Debug|Any CPU.ActiveCfg = Debug|Any CPU
		{EA6AE02E-057C-44F8-A389-FF187C54FF1A}.Debug|Any CPU.Build.0 = Debug|Any CPU
		{EA6AE02E-057C-44F8-A389-FF187C54FF1A}.Debug|iPhone.ActiveCfg = Debug|Any CPU
		{EA6AE02E-057C-44F8-A389-FF187C54FF1A}.Debug|iPhone.Build.0 = Debug|Any CPU
		{EA6AE02E-057C-44F8-A389-FF187C54FF1A}.Debug|iPhoneSimulator.ActiveCfg = Debug|Any CPU
		{EA6AE02E-057C-44F8-A389-FF187C54FF1A}.Debug|iPhoneSimulator.Build.0 = Debug|Any CPU
		{EA6AE02E-057C-44F8-A389-FF187C54FF1A}.Release|Any CPU.ActiveCfg = Release|Any CPU
		{EA6AE02E-057C-44F8-A389-FF187C54FF1A}.Release|Any CPU.Build.0 = Release|Any CPU
		{EA6AE02E-057C-44F8-A389-FF187C54FF1A}.Release|iPhone.ActiveCfg = Release|Any CPU
		{EA6AE02E-057C-44F8-A389-FF187C54FF1A}.Release|iPhone.Build.0 = Release|Any CPU
		{EA6AE02E-057C-44F8-A389-FF187C54FF1A}.Release|iPhoneSimulator.ActiveCfg = Release|Any CPU
		{EA6AE02E-057C-44F8-A389-FF187C54FF1A}.Release|iPhoneSimulator.Build.0 = Release|Any CPU
		{15E9D5EA-0C10-4088-96E3-A3CC1062BBB5}.Debug|Any CPU.ActiveCfg = Debug|Any CPU
		{15E9D5EA-0C10-4088-96E3-A3CC1062BBB5}.Debug|Any CPU.Build.0 = Debug|Any CPU
		{15E9D5EA-0C10-4088-96E3-A3CC1062BBB5}.Debug|iPhone.ActiveCfg = Debug|Any CPU
		{15E9D5EA-0C10-4088-96E3-A3CC1062BBB5}.Debug|iPhone.Build.0 = Debug|Any CPU
		{15E9D5EA-0C10-4088-96E3-A3CC1062BBB5}.Debug|iPhoneSimulator.ActiveCfg = Debug|Any CPU
		{15E9D5EA-0C10-4088-96E3-A3CC1062BBB5}.Debug|iPhoneSimulator.Build.0 = Debug|Any CPU
		{15E9D5EA-0C10-4088-96E3-A3CC1062BBB5}.Release|Any CPU.ActiveCfg = Release|Any CPU
		{15E9D5EA-0C10-4088-96E3-A3CC1062BBB5}.Release|Any CPU.Build.0 = Release|Any CPU
		{15E9D5EA-0C10-4088-96E3-A3CC1062BBB5}.Release|iPhone.ActiveCfg = Release|Any CPU
		{15E9D5EA-0C10-4088-96E3-A3CC1062BBB5}.Release|iPhone.Build.0 = Release|Any CPU
		{15E9D5EA-0C10-4088-96E3-A3CC1062BBB5}.Release|iPhoneSimulator.ActiveCfg = Release|Any CPU
		{15E9D5EA-0C10-4088-96E3-A3CC1062BBB5}.Release|iPhoneSimulator.Build.0 = Release|Any CPU
		{B4F36B5C-E789-4FFF-9070-76C060B795FE}.Debug|Any CPU.ActiveCfg = Debug|Any CPU
		{B4F36B5C-E789-4FFF-9070-76C060B795FE}.Debug|Any CPU.Build.0 = Debug|Any CPU
		{B4F36B5C-E789-4FFF-9070-76C060B795FE}.Debug|iPhone.ActiveCfg = Debug|Any CPU
		{B4F36B5C-E789-4FFF-9070-76C060B795FE}.Debug|iPhone.Build.0 = Debug|Any CPU
		{B4F36B5C-E789-4FFF-9070-76C060B795FE}.Debug|iPhoneSimulator.ActiveCfg = Debug|Any CPU
		{B4F36B5C-E789-4FFF-9070-76C060B795FE}.Debug|iPhoneSimulator.Build.0 = Debug|Any CPU
		{B4F36B5C-E789-4FFF-9070-76C060B795FE}.Release|Any CPU.ActiveCfg = Release|Any CPU
		{B4F36B5C-E789-4FFF-9070-76C060B795FE}.Release|Any CPU.Build.0 = Release|Any CPU
		{B4F36B5C-E789-4FFF-9070-76C060B795FE}.Release|iPhone.ActiveCfg = Release|Any CPU
		{B4F36B5C-E789-4FFF-9070-76C060B795FE}.Release|iPhone.Build.0 = Release|Any CPU
		{B4F36B5C-E789-4FFF-9070-76C060B795FE}.Release|iPhoneSimulator.ActiveCfg = Release|Any CPU
		{B4F36B5C-E789-4FFF-9070-76C060B795FE}.Release|iPhoneSimulator.Build.0 = Release|Any CPU
		{5ED9557C-F397-4DC8-A5B9-2BABE42F3F09}.Debug|Any CPU.ActiveCfg = Debug|Any CPU
		{5ED9557C-F397-4DC8-A5B9-2BABE42F3F09}.Debug|Any CPU.Build.0 = Debug|Any CPU
		{5ED9557C-F397-4DC8-A5B9-2BABE42F3F09}.Debug|iPhone.ActiveCfg = Debug|Any CPU
		{5ED9557C-F397-4DC8-A5B9-2BABE42F3F09}.Debug|iPhone.Build.0 = Debug|Any CPU
		{5ED9557C-F397-4DC8-A5B9-2BABE42F3F09}.Debug|iPhoneSimulator.ActiveCfg = Debug|Any CPU
		{5ED9557C-F397-4DC8-A5B9-2BABE42F3F09}.Debug|iPhoneSimulator.Build.0 = Debug|Any CPU
		{5ED9557C-F397-4DC8-A5B9-2BABE42F3F09}.Release|Any CPU.ActiveCfg = Release|Any CPU
		{5ED9557C-F397-4DC8-A5B9-2BABE42F3F09}.Release|Any CPU.Build.0 = Release|Any CPU
		{5ED9557C-F397-4DC8-A5B9-2BABE42F3F09}.Release|iPhone.ActiveCfg = Release|Any CPU
		{5ED9557C-F397-4DC8-A5B9-2BABE42F3F09}.Release|iPhone.Build.0 = Release|Any CPU
		{5ED9557C-F397-4DC8-A5B9-2BABE42F3F09}.Release|iPhoneSimulator.ActiveCfg = Release|Any CPU
		{5ED9557C-F397-4DC8-A5B9-2BABE42F3F09}.Release|iPhoneSimulator.Build.0 = Release|Any CPU
		{9FED38E4-E974-47A6-94A5-013315E5D8D9}.Debug|Any CPU.ActiveCfg = Debug|Any CPU
		{9FED38E4-E974-47A6-94A5-013315E5D8D9}.Debug|Any CPU.Build.0 = Debug|Any CPU
		{9FED38E4-E974-47A6-94A5-013315E5D8D9}.Debug|iPhone.ActiveCfg = Debug|Any CPU
		{9FED38E4-E974-47A6-94A5-013315E5D8D9}.Debug|iPhone.Build.0 = Debug|Any CPU
		{9FED38E4-E974-47A6-94A5-013315E5D8D9}.Debug|iPhoneSimulator.ActiveCfg = Debug|Any CPU
		{9FED38E4-E974-47A6-94A5-013315E5D8D9}.Debug|iPhoneSimulator.Build.0 = Debug|Any CPU
		{9FED38E4-E974-47A6-94A5-013315E5D8D9}.Release|Any CPU.ActiveCfg = Release|Any CPU
		{9FED38E4-E974-47A6-94A5-013315E5D8D9}.Release|Any CPU.Build.0 = Release|Any CPU
		{9FED38E4-E974-47A6-94A5-013315E5D8D9}.Release|iPhone.ActiveCfg = Release|Any CPU
		{9FED38E4-E974-47A6-94A5-013315E5D8D9}.Release|iPhone.Build.0 = Release|Any CPU
		{9FED38E4-E974-47A6-94A5-013315E5D8D9}.Release|iPhoneSimulator.ActiveCfg = Release|Any CPU
		{9FED38E4-E974-47A6-94A5-013315E5D8D9}.Release|iPhoneSimulator.Build.0 = Release|Any CPU
		{790D30CF-B7CC-4C16-ACE0-F3FBCC42DE4D}.Debug|Any CPU.ActiveCfg = Debug|Any CPU
		{790D30CF-B7CC-4C16-ACE0-F3FBCC42DE4D}.Debug|Any CPU.Build.0 = Debug|Any CPU
		{790D30CF-B7CC-4C16-ACE0-F3FBCC42DE4D}.Debug|iPhone.ActiveCfg = Debug|Any CPU
		{790D30CF-B7CC-4C16-ACE0-F3FBCC42DE4D}.Debug|iPhone.Build.0 = Debug|Any CPU
		{790D30CF-B7CC-4C16-ACE0-F3FBCC42DE4D}.Debug|iPhoneSimulator.ActiveCfg = Debug|Any CPU
		{790D30CF-B7CC-4C16-ACE0-F3FBCC42DE4D}.Debug|iPhoneSimulator.Build.0 = Debug|Any CPU
		{790D30CF-B7CC-4C16-ACE0-F3FBCC42DE4D}.Release|Any CPU.ActiveCfg = Release|Any CPU
		{790D30CF-B7CC-4C16-ACE0-F3FBCC42DE4D}.Release|Any CPU.Build.0 = Release|Any CPU
		{790D30CF-B7CC-4C16-ACE0-F3FBCC42DE4D}.Release|iPhone.ActiveCfg = Release|Any CPU
		{790D30CF-B7CC-4C16-ACE0-F3FBCC42DE4D}.Release|iPhone.Build.0 = Release|Any CPU
		{790D30CF-B7CC-4C16-ACE0-F3FBCC42DE4D}.Release|iPhoneSimulator.ActiveCfg = Release|Any CPU
		{790D30CF-B7CC-4C16-ACE0-F3FBCC42DE4D}.Release|iPhoneSimulator.Build.0 = Release|Any CPU
		{88E4906B-830C-46F1-A57F-B02367F08092}.Debug|Any CPU.ActiveCfg = Debug|Any CPU
		{88E4906B-830C-46F1-A57F-B02367F08092}.Debug|Any CPU.Build.0 = Debug|Any CPU
		{88E4906B-830C-46F1-A57F-B02367F08092}.Debug|iPhone.ActiveCfg = Debug|Any CPU
		{88E4906B-830C-46F1-A57F-B02367F08092}.Debug|iPhone.Build.0 = Debug|Any CPU
		{88E4906B-830C-46F1-A57F-B02367F08092}.Debug|iPhoneSimulator.ActiveCfg = Debug|Any CPU
		{88E4906B-830C-46F1-A57F-B02367F08092}.Debug|iPhoneSimulator.Build.0 = Debug|Any CPU
		{88E4906B-830C-46F1-A57F-B02367F08092}.Release|Any CPU.ActiveCfg = Release|Any CPU
		{88E4906B-830C-46F1-A57F-B02367F08092}.Release|Any CPU.Build.0 = Release|Any CPU
		{88E4906B-830C-46F1-A57F-B02367F08092}.Release|iPhone.ActiveCfg = Release|Any CPU
		{88E4906B-830C-46F1-A57F-B02367F08092}.Release|iPhone.Build.0 = Release|Any CPU
		{88E4906B-830C-46F1-A57F-B02367F08092}.Release|iPhoneSimulator.ActiveCfg = Release|Any CPU
		{88E4906B-830C-46F1-A57F-B02367F08092}.Release|iPhoneSimulator.Build.0 = Release|Any CPU
		{0C297448-794C-4815-8D66-436871A9C2F4}.Debug|Any CPU.ActiveCfg = Debug|Any CPU
		{0C297448-794C-4815-8D66-436871A9C2F4}.Debug|Any CPU.Build.0 = Debug|Any CPU
		{0C297448-794C-4815-8D66-436871A9C2F4}.Debug|iPhone.ActiveCfg = Debug|Any CPU
		{0C297448-794C-4815-8D66-436871A9C2F4}.Debug|iPhone.Build.0 = Debug|Any CPU
		{0C297448-794C-4815-8D66-436871A9C2F4}.Debug|iPhoneSimulator.ActiveCfg = Debug|Any CPU
		{0C297448-794C-4815-8D66-436871A9C2F4}.Debug|iPhoneSimulator.Build.0 = Debug|Any CPU
		{0C297448-794C-4815-8D66-436871A9C2F4}.Release|Any CPU.ActiveCfg = Release|Any CPU
		{0C297448-794C-4815-8D66-436871A9C2F4}.Release|Any CPU.Build.0 = Release|Any CPU
		{0C297448-794C-4815-8D66-436871A9C2F4}.Release|iPhone.ActiveCfg = Release|Any CPU
		{0C297448-794C-4815-8D66-436871A9C2F4}.Release|iPhone.Build.0 = Release|Any CPU
		{0C297448-794C-4815-8D66-436871A9C2F4}.Release|iPhoneSimulator.ActiveCfg = Release|Any CPU
		{0C297448-794C-4815-8D66-436871A9C2F4}.Release|iPhoneSimulator.Build.0 = Release|Any CPU
		{0B90B291-AAFF-468E-B315-8D0429242A79}.Debug|Any CPU.ActiveCfg = Debug|Any CPU
		{0B90B291-AAFF-468E-B315-8D0429242A79}.Debug|Any CPU.Build.0 = Debug|Any CPU
		{0B90B291-AAFF-468E-B315-8D0429242A79}.Debug|iPhone.ActiveCfg = Debug|Any CPU
		{0B90B291-AAFF-468E-B315-8D0429242A79}.Debug|iPhone.Build.0 = Debug|Any CPU
		{0B90B291-AAFF-468E-B315-8D0429242A79}.Debug|iPhoneSimulator.ActiveCfg = Debug|Any CPU
		{0B90B291-AAFF-468E-B315-8D0429242A79}.Debug|iPhoneSimulator.Build.0 = Debug|Any CPU
		{0B90B291-AAFF-468E-B315-8D0429242A79}.Release|Any CPU.ActiveCfg = Release|Any CPU
		{0B90B291-AAFF-468E-B315-8D0429242A79}.Release|Any CPU.Build.0 = Release|Any CPU
		{0B90B291-AAFF-468E-B315-8D0429242A79}.Release|iPhone.ActiveCfg = Release|Any CPU
		{0B90B291-AAFF-468E-B315-8D0429242A79}.Release|iPhone.Build.0 = Release|Any CPU
		{0B90B291-AAFF-468E-B315-8D0429242A79}.Release|iPhoneSimulator.ActiveCfg = Release|Any CPU
		{0B90B291-AAFF-468E-B315-8D0429242A79}.Release|iPhoneSimulator.Build.0 = Release|Any CPU
		{F580235F-F42C-427D-AB9E-16FCC032583D}.Debug|Any CPU.ActiveCfg = Debug|Any CPU
		{F580235F-F42C-427D-AB9E-16FCC032583D}.Debug|Any CPU.Build.0 = Debug|Any CPU
		{F580235F-F42C-427D-AB9E-16FCC032583D}.Debug|iPhone.ActiveCfg = Debug|Any CPU
		{F580235F-F42C-427D-AB9E-16FCC032583D}.Debug|iPhone.Build.0 = Debug|Any CPU
		{F580235F-F42C-427D-AB9E-16FCC032583D}.Debug|iPhoneSimulator.ActiveCfg = Debug|Any CPU
		{F580235F-F42C-427D-AB9E-16FCC032583D}.Debug|iPhoneSimulator.Build.0 = Debug|Any CPU
		{F580235F-F42C-427D-AB9E-16FCC032583D}.Release|Any CPU.ActiveCfg = Release|Any CPU
		{F580235F-F42C-427D-AB9E-16FCC032583D}.Release|Any CPU.Build.0 = Release|Any CPU
		{F580235F-F42C-427D-AB9E-16FCC032583D}.Release|iPhone.ActiveCfg = Release|Any CPU
		{F580235F-F42C-427D-AB9E-16FCC032583D}.Release|iPhone.Build.0 = Release|Any CPU
		{F580235F-F42C-427D-AB9E-16FCC032583D}.Release|iPhoneSimulator.ActiveCfg = Release|Any CPU
		{F580235F-F42C-427D-AB9E-16FCC032583D}.Release|iPhoneSimulator.Build.0 = Release|Any CPU
		{2E168462-4F2E-4F69-8974-5B9CE5F6783F}.Debug|Any CPU.ActiveCfg = Debug|Any CPU
		{2E168462-4F2E-4F69-8974-5B9CE5F6783F}.Debug|Any CPU.Build.0 = Debug|Any CPU
		{2E168462-4F2E-4F69-8974-5B9CE5F6783F}.Debug|iPhone.ActiveCfg = Debug|Any CPU
		{2E168462-4F2E-4F69-8974-5B9CE5F6783F}.Debug|iPhone.Build.0 = Debug|Any CPU
		{2E168462-4F2E-4F69-8974-5B9CE5F6783F}.Debug|iPhoneSimulator.ActiveCfg = Debug|Any CPU
		{2E168462-4F2E-4F69-8974-5B9CE5F6783F}.Debug|iPhoneSimulator.Build.0 = Debug|Any CPU
		{2E168462-4F2E-4F69-8974-5B9CE5F6783F}.Release|Any CPU.ActiveCfg = Release|Any CPU
		{2E168462-4F2E-4F69-8974-5B9CE5F6783F}.Release|Any CPU.Build.0 = Release|Any CPU
		{2E168462-4F2E-4F69-8974-5B9CE5F6783F}.Release|iPhone.ActiveCfg = Release|Any CPU
		{2E168462-4F2E-4F69-8974-5B9CE5F6783F}.Release|iPhone.Build.0 = Release|Any CPU
		{2E168462-4F2E-4F69-8974-5B9CE5F6783F}.Release|iPhoneSimulator.ActiveCfg = Release|Any CPU
		{2E168462-4F2E-4F69-8974-5B9CE5F6783F}.Release|iPhoneSimulator.Build.0 = Release|Any CPU
		{4C216213-5672-4778-A7CF-F4282BDBD5E6}.Debug|Any CPU.ActiveCfg = Debug|Any CPU
		{4C216213-5672-4778-A7CF-F4282BDBD5E6}.Debug|Any CPU.Build.0 = Debug|Any CPU
		{4C216213-5672-4778-A7CF-F4282BDBD5E6}.Debug|iPhone.ActiveCfg = Debug|Any CPU
		{4C216213-5672-4778-A7CF-F4282BDBD5E6}.Debug|iPhone.Build.0 = Debug|Any CPU
		{4C216213-5672-4778-A7CF-F4282BDBD5E6}.Debug|iPhoneSimulator.ActiveCfg = Debug|Any CPU
		{4C216213-5672-4778-A7CF-F4282BDBD5E6}.Debug|iPhoneSimulator.Build.0 = Debug|Any CPU
		{4C216213-5672-4778-A7CF-F4282BDBD5E6}.Release|Any CPU.ActiveCfg = Release|Any CPU
		{4C216213-5672-4778-A7CF-F4282BDBD5E6}.Release|Any CPU.Build.0 = Release|Any CPU
		{4C216213-5672-4778-A7CF-F4282BDBD5E6}.Release|iPhone.ActiveCfg = Release|Any CPU
		{4C216213-5672-4778-A7CF-F4282BDBD5E6}.Release|iPhone.Build.0 = Release|Any CPU
		{4C216213-5672-4778-A7CF-F4282BDBD5E6}.Release|iPhoneSimulator.ActiveCfg = Release|Any CPU
		{4C216213-5672-4778-A7CF-F4282BDBD5E6}.Release|iPhoneSimulator.Build.0 = Release|Any CPU
		{65DAC44C-C645-403A-A90B-4B778509706B}.Debug|Any CPU.ActiveCfg = Debug|Any CPU
		{65DAC44C-C645-403A-A90B-4B778509706B}.Debug|Any CPU.Build.0 = Debug|Any CPU
		{65DAC44C-C645-403A-A90B-4B778509706B}.Debug|iPhone.ActiveCfg = Debug|Any CPU
		{65DAC44C-C645-403A-A90B-4B778509706B}.Debug|iPhone.Build.0 = Debug|Any CPU
		{65DAC44C-C645-403A-A90B-4B778509706B}.Debug|iPhoneSimulator.ActiveCfg = Debug|Any CPU
		{65DAC44C-C645-403A-A90B-4B778509706B}.Debug|iPhoneSimulator.Build.0 = Debug|Any CPU
		{65DAC44C-C645-403A-A90B-4B778509706B}.Release|Any CPU.ActiveCfg = Release|Any CPU
		{65DAC44C-C645-403A-A90B-4B778509706B}.Release|Any CPU.Build.0 = Release|Any CPU
		{65DAC44C-C645-403A-A90B-4B778509706B}.Release|iPhone.ActiveCfg = Release|Any CPU
		{65DAC44C-C645-403A-A90B-4B778509706B}.Release|iPhone.Build.0 = Release|Any CPU
		{65DAC44C-C645-403A-A90B-4B778509706B}.Release|iPhoneSimulator.ActiveCfg = Release|Any CPU
		{65DAC44C-C645-403A-A90B-4B778509706B}.Release|iPhoneSimulator.Build.0 = Release|Any CPU
		{C12DB658-FDE9-4D9A-90C0-4F42880A8A6C}.Debug|Any CPU.ActiveCfg = Debug|Any CPU
		{C12DB658-FDE9-4D9A-90C0-4F42880A8A6C}.Debug|Any CPU.Build.0 = Debug|Any CPU
		{C12DB658-FDE9-4D9A-90C0-4F42880A8A6C}.Debug|iPhone.ActiveCfg = Debug|Any CPU
		{C12DB658-FDE9-4D9A-90C0-4F42880A8A6C}.Debug|iPhone.Build.0 = Debug|Any CPU
		{C12DB658-FDE9-4D9A-90C0-4F42880A8A6C}.Debug|iPhoneSimulator.ActiveCfg = Debug|Any CPU
		{C12DB658-FDE9-4D9A-90C0-4F42880A8A6C}.Debug|iPhoneSimulator.Build.0 = Debug|Any CPU
		{C12DB658-FDE9-4D9A-90C0-4F42880A8A6C}.Release|Any CPU.ActiveCfg = Release|Any CPU
		{C12DB658-FDE9-4D9A-90C0-4F42880A8A6C}.Release|Any CPU.Build.0 = Release|Any CPU
		{C12DB658-FDE9-4D9A-90C0-4F42880A8A6C}.Release|iPhone.ActiveCfg = Release|Any CPU
		{C12DB658-FDE9-4D9A-90C0-4F42880A8A6C}.Release|iPhone.Build.0 = Release|Any CPU
		{C12DB658-FDE9-4D9A-90C0-4F42880A8A6C}.Release|iPhoneSimulator.ActiveCfg = Release|Any CPU
		{C12DB658-FDE9-4D9A-90C0-4F42880A8A6C}.Release|iPhoneSimulator.Build.0 = Release|Any CPU
		{7A26366E-A71C-4018-9BC5-3313121C570D}.Debug|Any CPU.ActiveCfg = Debug|Any CPU
		{7A26366E-A71C-4018-9BC5-3313121C570D}.Debug|Any CPU.Build.0 = Debug|Any CPU
		{7A26366E-A71C-4018-9BC5-3313121C570D}.Debug|iPhone.ActiveCfg = Debug|Any CPU
		{7A26366E-A71C-4018-9BC5-3313121C570D}.Debug|iPhone.Build.0 = Debug|Any CPU
		{7A26366E-A71C-4018-9BC5-3313121C570D}.Debug|iPhoneSimulator.ActiveCfg = Debug|Any CPU
		{7A26366E-A71C-4018-9BC5-3313121C570D}.Debug|iPhoneSimulator.Build.0 = Debug|Any CPU
		{7A26366E-A71C-4018-9BC5-3313121C570D}.Release|Any CPU.ActiveCfg = Release|Any CPU
		{7A26366E-A71C-4018-9BC5-3313121C570D}.Release|Any CPU.Build.0 = Release|Any CPU
		{7A26366E-A71C-4018-9BC5-3313121C570D}.Release|iPhone.ActiveCfg = Release|Any CPU
		{7A26366E-A71C-4018-9BC5-3313121C570D}.Release|iPhone.Build.0 = Release|Any CPU
		{7A26366E-A71C-4018-9BC5-3313121C570D}.Release|iPhoneSimulator.ActiveCfg = Release|Any CPU
		{7A26366E-A71C-4018-9BC5-3313121C570D}.Release|iPhoneSimulator.Build.0 = Release|Any CPU
		{ABD70319-A117-433D-B206-1573E00407B1}.Debug|Any CPU.ActiveCfg = Debug|Any CPU
		{ABD70319-A117-433D-B206-1573E00407B1}.Debug|Any CPU.Build.0 = Debug|Any CPU
		{ABD70319-A117-433D-B206-1573E00407B1}.Debug|iPhone.ActiveCfg = Debug|Any CPU
		{ABD70319-A117-433D-B206-1573E00407B1}.Debug|iPhone.Build.0 = Debug|Any CPU
		{ABD70319-A117-433D-B206-1573E00407B1}.Debug|iPhoneSimulator.ActiveCfg = Debug|Any CPU
		{ABD70319-A117-433D-B206-1573E00407B1}.Debug|iPhoneSimulator.Build.0 = Debug|Any CPU
		{ABD70319-A117-433D-B206-1573E00407B1}.Release|Any CPU.ActiveCfg = Release|Any CPU
		{ABD70319-A117-433D-B206-1573E00407B1}.Release|Any CPU.Build.0 = Release|Any CPU
		{ABD70319-A117-433D-B206-1573E00407B1}.Release|iPhone.ActiveCfg = Release|Any CPU
		{ABD70319-A117-433D-B206-1573E00407B1}.Release|iPhone.Build.0 = Release|Any CPU
		{ABD70319-A117-433D-B206-1573E00407B1}.Release|iPhoneSimulator.ActiveCfg = Release|Any CPU
		{ABD70319-A117-433D-B206-1573E00407B1}.Release|iPhoneSimulator.Build.0 = Release|Any CPU
		{44A9BB90-D3F7-467B-B674-1B4106F3B4AA}.Debug|Any CPU.ActiveCfg = Debug|Any CPU
		{44A9BB90-D3F7-467B-B674-1B4106F3B4AA}.Debug|Any CPU.Build.0 = Debug|Any CPU
		{44A9BB90-D3F7-467B-B674-1B4106F3B4AA}.Debug|iPhone.ActiveCfg = Debug|Any CPU
		{44A9BB90-D3F7-467B-B674-1B4106F3B4AA}.Debug|iPhone.Build.0 = Debug|Any CPU
		{44A9BB90-D3F7-467B-B674-1B4106F3B4AA}.Debug|iPhoneSimulator.ActiveCfg = Debug|Any CPU
		{44A9BB90-D3F7-467B-B674-1B4106F3B4AA}.Debug|iPhoneSimulator.Build.0 = Debug|Any CPU
		{44A9BB90-D3F7-467B-B674-1B4106F3B4AA}.Release|Any CPU.ActiveCfg = Release|Any CPU
		{44A9BB90-D3F7-467B-B674-1B4106F3B4AA}.Release|Any CPU.Build.0 = Release|Any CPU
		{44A9BB90-D3F7-467B-B674-1B4106F3B4AA}.Release|iPhone.ActiveCfg = Release|Any CPU
		{44A9BB90-D3F7-467B-B674-1B4106F3B4AA}.Release|iPhone.Build.0 = Release|Any CPU
		{44A9BB90-D3F7-467B-B674-1B4106F3B4AA}.Release|iPhoneSimulator.ActiveCfg = Release|Any CPU
		{44A9BB90-D3F7-467B-B674-1B4106F3B4AA}.Release|iPhoneSimulator.Build.0 = Release|Any CPU
		{BB9277B2-8A7C-402A-A92A-CC26EFBA7385}.Debug|Any CPU.ActiveCfg = Debug|Any CPU
		{BB9277B2-8A7C-402A-A92A-CC26EFBA7385}.Debug|Any CPU.Build.0 = Debug|Any CPU
		{BB9277B2-8A7C-402A-A92A-CC26EFBA7385}.Debug|iPhone.ActiveCfg = Debug|Any CPU
		{BB9277B2-8A7C-402A-A92A-CC26EFBA7385}.Debug|iPhone.Build.0 = Debug|Any CPU
		{BB9277B2-8A7C-402A-A92A-CC26EFBA7385}.Debug|iPhoneSimulator.ActiveCfg = Debug|Any CPU
		{BB9277B2-8A7C-402A-A92A-CC26EFBA7385}.Debug|iPhoneSimulator.Build.0 = Debug|Any CPU
		{BB9277B2-8A7C-402A-A92A-CC26EFBA7385}.Release|Any CPU.ActiveCfg = Release|Any CPU
		{BB9277B2-8A7C-402A-A92A-CC26EFBA7385}.Release|Any CPU.Build.0 = Release|Any CPU
		{BB9277B2-8A7C-402A-A92A-CC26EFBA7385}.Release|iPhone.ActiveCfg = Release|Any CPU
		{BB9277B2-8A7C-402A-A92A-CC26EFBA7385}.Release|iPhone.Build.0 = Release|Any CPU
		{BB9277B2-8A7C-402A-A92A-CC26EFBA7385}.Release|iPhoneSimulator.ActiveCfg = Release|Any CPU
		{BB9277B2-8A7C-402A-A92A-CC26EFBA7385}.Release|iPhoneSimulator.Build.0 = Release|Any CPU
		{1A7D6F8E-4FE9-452A-8666-B4573CD01E99}.Debug|Any CPU.ActiveCfg = Debug|Any CPU
		{1A7D6F8E-4FE9-452A-8666-B4573CD01E99}.Debug|Any CPU.Build.0 = Debug|Any CPU
		{1A7D6F8E-4FE9-452A-8666-B4573CD01E99}.Debug|iPhone.ActiveCfg = Debug|Any CPU
		{1A7D6F8E-4FE9-452A-8666-B4573CD01E99}.Debug|iPhone.Build.0 = Debug|Any CPU
		{1A7D6F8E-4FE9-452A-8666-B4573CD01E99}.Debug|iPhoneSimulator.ActiveCfg = Debug|Any CPU
		{1A7D6F8E-4FE9-452A-8666-B4573CD01E99}.Debug|iPhoneSimulator.Build.0 = Debug|Any CPU
		{1A7D6F8E-4FE9-452A-8666-B4573CD01E99}.Release|Any CPU.ActiveCfg = Release|Any CPU
		{1A7D6F8E-4FE9-452A-8666-B4573CD01E99}.Release|Any CPU.Build.0 = Release|Any CPU
		{1A7D6F8E-4FE9-452A-8666-B4573CD01E99}.Release|iPhone.ActiveCfg = Release|Any CPU
		{1A7D6F8E-4FE9-452A-8666-B4573CD01E99}.Release|iPhone.Build.0 = Release|Any CPU
		{1A7D6F8E-4FE9-452A-8666-B4573CD01E99}.Release|iPhoneSimulator.ActiveCfg = Release|Any CPU
		{1A7D6F8E-4FE9-452A-8666-B4573CD01E99}.Release|iPhoneSimulator.Build.0 = Release|Any CPU
		{8A944C2F-5C87-4B2B-9E1F-07BEEC2F7CD3}.Debug|Any CPU.ActiveCfg = Debug|Any CPU
		{8A944C2F-5C87-4B2B-9E1F-07BEEC2F7CD3}.Debug|Any CPU.Build.0 = Debug|Any CPU
		{8A944C2F-5C87-4B2B-9E1F-07BEEC2F7CD3}.Debug|iPhone.ActiveCfg = Debug|Any CPU
		{8A944C2F-5C87-4B2B-9E1F-07BEEC2F7CD3}.Debug|iPhone.Build.0 = Debug|Any CPU
		{8A944C2F-5C87-4B2B-9E1F-07BEEC2F7CD3}.Debug|iPhoneSimulator.ActiveCfg = Debug|Any CPU
		{8A944C2F-5C87-4B2B-9E1F-07BEEC2F7CD3}.Debug|iPhoneSimulator.Build.0 = Debug|Any CPU
		{8A944C2F-5C87-4B2B-9E1F-07BEEC2F7CD3}.Release|Any CPU.ActiveCfg = Release|Any CPU
		{8A944C2F-5C87-4B2B-9E1F-07BEEC2F7CD3}.Release|Any CPU.Build.0 = Release|Any CPU
		{8A944C2F-5C87-4B2B-9E1F-07BEEC2F7CD3}.Release|iPhone.ActiveCfg = Release|Any CPU
		{8A944C2F-5C87-4B2B-9E1F-07BEEC2F7CD3}.Release|iPhone.Build.0 = Release|Any CPU
		{8A944C2F-5C87-4B2B-9E1F-07BEEC2F7CD3}.Release|iPhoneSimulator.ActiveCfg = Release|Any CPU
		{8A944C2F-5C87-4B2B-9E1F-07BEEC2F7CD3}.Release|iPhoneSimulator.Build.0 = Release|Any CPU
	EndGlobalSection
	GlobalSection(SolutionProperties) = preSolution
		HideSolutionNode = FALSE
	EndGlobalSection
	GlobalSection(NestedProjects) = preSolution
		{763FF7DE-F705-4411-B63E-0B80DB3B9EDF} = {CF6F990F-EB89-494C-B69A-71CDDB138C87}
		{5C28A7CC-DAE5-4DFE-B602-C81C423BF2D5} = {CF6F990F-EB89-494C-B69A-71CDDB138C87}
		{84F38DF6-CE80-4E63-A693-EB3B0F2BE60F} = {CF6F990F-EB89-494C-B69A-71CDDB138C87}
		{58C8AF0B-E715-4350-9150-E246588E40B4} = {CF6F990F-EB89-494C-B69A-71CDDB138C87}
		{15E9D5EA-0C10-4088-96E3-A3CC1062BBB5} = {CF6F990F-EB89-494C-B69A-71CDDB138C87}
		{B4F36B5C-E789-4FFF-9070-76C060B795FE} = {CF6F990F-EB89-494C-B69A-71CDDB138C87}
		{5ED9557C-F397-4DC8-A5B9-2BABE42F3F09} = {CF6F990F-EB89-494C-B69A-71CDDB138C87}
		{9FED38E4-E974-47A6-94A5-013315E5D8D9} = {CF6F990F-EB89-494C-B69A-71CDDB138C87}
		{790D30CF-B7CC-4C16-ACE0-F3FBCC42DE4D} = {376E98AA-BA5F-4DF8-8D65-76942EDA5188}
		{88E4906B-830C-46F1-A57F-B02367F08092} = {CF6F990F-EB89-494C-B69A-71CDDB138C87}
		{9E54F4A8-5472-4921-AD42-E5493CAE2DA9} = {CF6F990F-EB89-494C-B69A-71CDDB138C87}
		{0C297448-794C-4815-8D66-436871A9C2F4} = {9E54F4A8-5472-4921-AD42-E5493CAE2DA9}
		{0B90B291-AAFF-468E-B315-8D0429242A79} = {9E54F4A8-5472-4921-AD42-E5493CAE2DA9}
		{F580235F-F42C-427D-AB9E-16FCC032583D} = {9E54F4A8-5472-4921-AD42-E5493CAE2DA9}
		{2E168462-4F2E-4F69-8974-5B9CE5F6783F} = {CF6F990F-EB89-494C-B69A-71CDDB138C87}
		{4C216213-5672-4778-A7CF-F4282BDBD5E6} = {CF6F990F-EB89-494C-B69A-71CDDB138C87}
		{65DAC44C-C645-403A-A90B-4B778509706B} = {CF6F990F-EB89-494C-B69A-71CDDB138C87}
		{7A26366E-A71C-4018-9BC5-3313121C570D} = {9E54F4A8-5472-4921-AD42-E5493CAE2DA9}
		{ABD70319-A117-433D-B206-1573E00407B1} = {DF48D3FF-EFD4-484A-A0FE-34C6A66A8412}
		{44A9BB90-D3F7-467B-B674-1B4106F3B4AA} = {CF6F990F-EB89-494C-B69A-71CDDB138C87}
		{BB9277B2-8A7C-402A-A92A-CC26EFBA7385} = {9E54F4A8-5472-4921-AD42-E5493CAE2DA9}
		{1A7D6F8E-4FE9-452A-8666-B4573CD01E99} = {CF6F990F-EB89-494C-B69A-71CDDB138C87}
		{8A944C2F-5C87-4B2B-9E1F-07BEEC2F7CD3} = {CF6F990F-EB89-494C-B69A-71CDDB138C87}
	EndGlobalSection
	GlobalSection(ExtensibilityGlobals) = postSolution
		SolutionGuid = {8B8ACDF8-913E-471D-9474-6F0F3623D9D5}
	EndGlobalSection
EndGlobal
